
Microsoft Visual Studio Solution File, Format Version 12.00
# Visual Studio Version 16
VisualStudioVersion = 16.0.30309.148
MinimumVisualStudioVersion = 10.0.40219.1
Project("{9A19103F-16F7-4668-BE54-9A1E7A4F7556}") = "EntityFramework.DbContextManagement", "EntityFramework.DbContextManagement\EntityFramework.DbContextManagement.csproj", "{4605173B-B3F7-46B4-8685-2FE52BF3884B}"
EndProject
Project("{9A19103F-16F7-4668-BE54-9A1E7A4F7556}") = "EntityFramework.DbContextManagement.Example", "EntityFramework.DbContextManagement.Example\EntityFramework.DbContextManagement.Example.csproj", "{B997A9AF-CFD1-41EB-9055-9D08701B56C3}"
EndProject
Project("{9A19103F-16F7-4668-BE54-9A1E7A4F7556}") = "EntityFramework.DbContextManagement.Tests", "EntityFramework.DbContextManagement.Tests\EntityFramework.DbContextManagement.Tests.csproj", "{E4086DFE-5FBF-4666-9E05-1B81F9ACABE2}"
EndProject
Global
	GlobalSection(SolutionConfigurationPlatforms) = preSolution
		Debug|Any CPU = Debug|Any CPU
		Release|Any CPU = Release|Any CPU
	EndGlobalSection
	GlobalSection(ProjectConfigurationPlatforms) = postSolution
		{4605173B-B3F7-46B4-8685-2FE52BF3884B}.Debug|Any CPU.ActiveCfg = Debug|Any CPU
		{4605173B-B3F7-46B4-8685-2FE52BF3884B}.Debug|Any CPU.Build.0 = Debug|Any CPU
		{4605173B-B3F7-46B4-8685-2FE52BF3884B}.Release|Any CPU.ActiveCfg = Release|Any CPU
		{4605173B-B3F7-46B4-8685-2FE52BF3884B}.Release|Any CPU.Build.0 = Release|Any CPU
		{B997A9AF-CFD1-41EB-9055-9D08701B56C3}.Debug|Any CPU.ActiveCfg = Debug|Any CPU
		{B997A9AF-CFD1-41EB-9055-9D08701B56C3}.Debug|Any CPU.Build.0 = Debug|Any CPU
		{B997A9AF-CFD1-41EB-9055-9D08701B56C3}.Release|Any CPU.ActiveCfg = Release|Any CPU
		{B997A9AF-CFD1-41EB-9055-9D08701B56C3}.Release|Any CPU.Build.0 = Release|Any CPU
		{E4086DFE-5FBF-4666-9E05-1B81F9ACABE2}.Debug|Any CPU.ActiveCfg = Debug|Any CPU
		{E4086DFE-5FBF-4666-9E05-1B81F9ACABE2}.Debug|Any CPU.Build.0 = Debug|Any CPU
		{E4086DFE-5FBF-4666-9E05-1B81F9ACABE2}.Release|Any CPU.ActiveCfg = Release|Any CPU
		{E4086DFE-5FBF-4666-9E05-1B81F9ACABE2}.Release|Any CPU.Build.0 = Release|Any CPU
	EndGlobalSection
	GlobalSection(SolutionProperties) = preSolution
		HideSolutionNode = FALSE
	EndGlobalSection
	GlobalSection(ExtensibilityGlobals) = postSolution
		SolutionGuid = {DADDBB8C-5EA0-4697-8C13-85093C8405BD}
	EndGlobalSection
EndGlobal
